
Microsoft Visual Studio Solution File, Format Version 12.00
# Visual Studio 15
VisualStudioVersion = 15.0.27130.2010
MinimumVisualStudioVersion = 10.0.40219.1
Project("{FAE04EC0-301F-11D3-BF4B-00C04F79EFBC}") = "app", "app\app.csproj", "{D9BF2913-D6F6-452C-A672-CE9E167E2283}"
EndProject
Global
	GlobalSection(SolutionConfigurationPlatforms) = preSolution
		Debug|Any CPU = Debug|Any CPU
		Release|Any CPU = Release|Any CPU
	EndGlobalSection
	GlobalSection(ProjectConfigurationPlatforms) = postSolution
		{D9BF2913-D6F6-452C-A672-CE9E167E2283}.Debug|Any CPU.ActiveCfg = Debug|Any CPU
		{D9BF2913-D6F6-452C-A672-CE9E167E2283}.Debug|Any CPU.Build.0 = Debug|Any CPU
		{D9BF2913-D6F6-452C-A672-CE9E167E2283}.Release|Any CPU.ActiveCfg = Release|Any CPU
		{D9BF2913-D6F6-452C-A672-CE9E167E2283}.Release|Any CPU.Build.0 = Release|Any CPU
	EndGlobalSection
	GlobalSection(SolutionProperties) = preSolution
		HideSolutionNode = FALSE
	EndGlobalSection
	GlobalSection(ExtensibilityGlobals) = postSolution
		SolutionGuid = {85E79999-9744-4133-BFEF-311AB2081491}
	EndGlobalSection
EndGlobal
